
Microsoft Visual Studio Solution File, Format Version 12.00
# Visual Studio Version 17
VisualStudioVersion = 17.7.34018.315
MinimumVisualStudioVersion = 10.0.40219.1
Project("{FAE04EC0-301F-11D3-BF4B-00C04F79EFBC}") = "TrabajoFinalSofttekFront", "TrabajoFinalSofttekFront.csproj", "{06C3A22A-1BA7-4D54-AA53-B086A71D9174}"
EndProject
Global
	GlobalSection(SolutionConfigurationPlatforms) = preSolution
		Debug|Any CPU = Debug|Any CPU
		Release|Any CPU = Release|Any CPU
	EndGlobalSection
	GlobalSection(ProjectConfigurationPlatforms) = postSolution
		{06C3A22A-1BA7-4D54-AA53-B086A71D9174}.Debug|Any CPU.ActiveCfg = Debug|Any CPU
		{06C3A22A-1BA7-4D54-AA53-B086A71D9174}.Debug|Any CPU.Build.0 = Debug|Any CPU
		{06C3A22A-1BA7-4D54-AA53-B086A71D9174}.Release|Any CPU.ActiveCfg = Release|Any CPU
		{06C3A22A-1BA7-4D54-AA53-B086A71D9174}.Release|Any CPU.Build.0 = Release|Any CPU
	EndGlobalSection
	GlobalSection(SolutionProperties) = preSolution
		HideSolutionNode = FALSE
	EndGlobalSection
	GlobalSection(ExtensibilityGlobals) = postSolution
		SolutionGuid = {2DBF297C-7D38-49A6-A447-0AB449328489}
	EndGlobalSection
EndGlobal
